
Microsoft Visual Studio Solution File, Format Version 12.00
# Visual Studio Version 16
VisualStudioVersion = 25.0.1706.4
MinimumVisualStudioVersion = 10.0.40219.1
Project("{FAE04EC0-301F-11D3-BF4B-00C04F79EFBC}") = "PLMKub", "PLMKub\PLMKub.csproj", "{746B46AB-0502-409F-9808-1D833F5FE8B7}"
EndProject
Global
	GlobalSection(SolutionConfigurationPlatforms) = preSolution
		Debug|Any CPU = Debug|Any CPU
		Release|Any CPU = Release|Any CPU
	EndGlobalSection
	GlobalSection(ProjectConfigurationPlatforms) = postSolution
		{746B46AB-0502-409F-9808-1D833F5FE8B7}.Debug|Any CPU.ActiveCfg = Debug|Any CPU
		{746B46AB-0502-409F-9808-1D833F5FE8B7}.Debug|Any CPU.Build.0 = Debug|Any CPU
		{746B46AB-0502-409F-9808-1D833F5FE8B7}.Release|Any CPU.ActiveCfg = Release|Any CPU
		{746B46AB-0502-409F-9808-1D833F5FE8B7}.Release|Any CPU.Build.0 = Release|Any CPU
	EndGlobalSection
	GlobalSection(SolutionProperties) = preSolution
		HideSolutionNode = FALSE
	EndGlobalSection
	GlobalSection(ExtensibilityGlobals) = postSolution
		SolutionGuid = {D8E5E548-1482-4A1A-B24B-5E7FDFE20989}
	EndGlobalSection
EndGlobal
